
Microsoft Visual Studio Solution File, Format Version 12.00
# Visual Studio Version 17
VisualStudioVersion = 17.6.33815.320
MinimumVisualStudioVersion = 10.0.40219.1
Project("{888888A0-9F3D-457C-B088-3A5042F75D52}") = "iris-project-datas", "iris-project-datas\iris-project-datas.pyproj", "{3E626A84-15AB-4C73-A068-1F6DCCC91227}"
EndProject
Global
	GlobalSection(SolutionConfigurationPlatforms) = preSolution
		Debug|Any CPU = Debug|Any CPU
		Release|Any CPU = Release|Any CPU
	EndGlobalSection
	GlobalSection(ProjectConfigurationPlatforms) = postSolution
		{3E626A84-15AB-4C73-A068-1F6DCCC91227}.Debug|Any CPU.ActiveCfg = Debug|Any CPU
		{3E626A84-15AB-4C73-A068-1F6DCCC91227}.Release|Any CPU.ActiveCfg = Release|Any CPU
	EndGlobalSection
	GlobalSection(SolutionProperties) = preSolution
		HideSolutionNode = FALSE
	EndGlobalSection
	GlobalSection(ExtensibilityGlobals) = postSolution
		SolutionGuid = {9D1DD27D-B4EF-4378-A7AE-40847B4A33D8}
	EndGlobalSection
EndGlobal
